
Microsoft Visual Studio Solution File, Format Version 12.00
# Visual Studio Version 17
VisualStudioVersion = 17.14.36212.18 d17.14
MinimumVisualStudioVersion = 10.0.40219.1
Project("{FAE04EC0-301F-11D3-BF4B-00C04F79EFBC}") = "Lista3 exe10", "Lista3 exe10\Lista3 exe10.csproj", "{6A59F0D6-8B3B-45BD-8FBC-DFA72D3382A0}"
EndProject
Global
	GlobalSection(SolutionConfigurationPlatforms) = preSolution
		Debug|Any CPU = Debug|Any CPU
		Release|Any CPU = Release|Any CPU
	EndGlobalSection
	GlobalSection(ProjectConfigurationPlatforms) = postSolution
		{6A59F0D6-8B3B-45BD-8FBC-DFA72D3382A0}.Debug|Any CPU.ActiveCfg = Debug|Any CPU
		{6A59F0D6-8B3B-45BD-8FBC-DFA72D3382A0}.Debug|Any CPU.Build.0 = Debug|Any CPU
		{6A59F0D6-8B3B-45BD-8FBC-DFA72D3382A0}.Release|Any CPU.ActiveCfg = Release|Any CPU
		{6A59F0D6-8B3B-45BD-8FBC-DFA72D3382A0}.Release|Any CPU.Build.0 = Release|Any CPU
	EndGlobalSection
	GlobalSection(SolutionProperties) = preSolution
		HideSolutionNode = FALSE
	EndGlobalSection
	GlobalSection(ExtensibilityGlobals) = postSolution
		SolutionGuid = {40F4FEF9-39F1-4B81-8A96-623A7F90E186}
	EndGlobalSection
EndGlobal
